// !$*UTF8*$!
{
	archiveVersion = 1;
	classes = {
	};
	objectVersion = 77;
	objects = {

/* Begin PBXBuildFile section */
		655DA79E2E966F1700BCAFE6 /* LaptopListViewController.swift in Sources */ = {isa = PBXBuildFile; fileRef = 655DA79D2E966F1700BCAFE6 /* LaptopListViewController.swift */; };
		659B17112E95B8E20093DD51 /* AddLaptopViewController.swift in Sources */ = {isa = PBXBuildFile; fileRef = 659B17102E95B8E20093DD51 /* AddLaptopViewController.swift */; };
		659B17132E95B8FC0093DD51 /* DetailEditLaptopViewController.swift in Sources */ = {isa = PBXBuildFile; fileRef = 659B17122E95B8FC0093DD51 /* DetailEditLaptopViewController.swift */; };
		65BE77922E93D153006749A5 /* Assets.xcassets in Resources */ = {isa = PBXBuildFile; fileRef = 65BE77862E93D153006749A5 /* Assets.xcassets */; };
		65BE77942E93D153006749A5 /* LaunchScreen.storyboard in Resources */ = {isa = PBXBuildFile; fileRef = 65BE778B2E93D153006749A5 /* LaunchScreen.storyboard */; };
		65BE77952E93D153006749A5 /* Main.storyboard in Resources */ = {isa = PBXBuildFile; fileRef = 65BE778E2E93D153006749A5 /* Main.storyboard */; };
		65BE77962E93D153006749A5 /* AppDelegate.swift in Sources */ = {isa = PBXBuildFile; fileRef = 65BE77852E93D153006749A5 /* AppDelegate.swift */; };
		65BE77982E93D153006749A5 /* LaptopTableViewCell.swift in Sources */ = {isa = PBXBuildFile; fileRef = 65BE77892E93D153006749A5 /* LaptopTableViewCell.swift */; };
		65BE77992E93D153006749A5 /* ListOfLaptops.xcdatamodeld in Sources */ = {isa = PBXBuildFile; fileRef = 65BE778C2E93D153006749A5 /* ListOfLaptops.xcdatamodeld */; };
		65BE779A2E93D153006749A5 /* SceneDelegate.swift in Sources */ = {isa = PBXBuildFile; fileRef = 65BE778F2E93D153006749A5 /* SceneDelegate.swift */; };
		DCEF39C92CF6B76C25DD69CD /* Pods_ListOfLaptops.framework in Frameworks */ = {isa = PBXBuildFile; fileRef = 0D22E28B5BE45B2B8B5E1B9A /* Pods_ListOfLaptops.framework */; };
/* End PBXBuildFile section */

/* Begin PBXFileReference section */
		0D22E28B5BE45B2B8B5E1B9A /* Pods_ListOfLaptops.framework */ = {isa = PBXFileReference; explicitFileType = wrapper.framework; includeInIndex = 0; path = Pods_ListOfLaptops.framework; sourceTree = BUILT_PRODUCTS_DIR; };
		3864750E41FB633521C18AF9 /* Pods-ListOfLaptops.release.xcconfig */ = {isa = PBXFileReference; includeInIndex = 1; lastKnownFileType = text.xcconfig; name = "Pods-ListOfLaptops.release.xcconfig"; path = "Target Support Files/Pods-ListOfLaptops/Pods-ListOfLaptops.release.xcconfig"; sourceTree = "<group>"; };
		5C002A6F919862D1AF61846C /* Pods-ListOfLaptops.debug.xcconfig */ = {isa = PBXFileReference; includeInIndex = 1; lastKnownFileType = text.xcconfig; name = "Pods-ListOfLaptops.debug.xcconfig"; path = "Target Support Files/Pods-ListOfLaptops/Pods-ListOfLaptops.debug.xcconfig"; sourceTree = "<group>"; };
		655DA79D2E966F1700BCAFE6 /* LaptopListViewController.swift */ = {isa = PBXFileReference; lastKnownFileType = sourcecode.swift; path = LaptopListViewController.swift; sourceTree = "<group>"; };
		659B17102E95B8E20093DD51 /* AddLaptopViewController.swift */ = {isa = PBXFileReference; lastKnownFileType = sourcecode.swift; path = AddLaptopViewController.swift; sourceTree = "<group>"; };
		659B17122E95B8FC0093DD51 /* DetailEditLaptopViewController.swift */ = {isa = PBXFileReference; lastKnownFileType = sourcecode.swift; path = DetailEditLaptopViewController.swift; sourceTree = "<group>"; };
		65BE773E2E9385E3006749A5 /* ListOfLaptops.app */ = {isa = PBXFileReference; explicitFileType = wrapper.application; includeInIndex = 0; path = ListOfLaptops.app; sourceTree = BUILT_PRODUCTS_DIR; };
		65BE77852E93D153006749A5 /* AppDelegate.swift */ = {isa = PBXFileReference; lastKnownFileType = sourcecode.swift; path = AppDelegate.swift; sourceTree = "<group>"; };
		65BE77862E93D153006749A5 /* Assets.xcassets */ = {isa = PBXFileReference; lastKnownFileType = folder.assetcatalog; path = Assets.xcassets; sourceTree = "<group>"; };
		65BE77872E93D153006749A5 /* Info.plist */ = {isa = PBXFileReference; lastKnownFileType = text.plist.xml; path = Info.plist; sourceTree = "<group>"; };
		65BE77892E93D153006749A5 /* LaptopTableViewCell.swift */ = {isa = PBXFileReference; lastKnownFileType = sourcecode.swift; path = LaptopTableViewCell.swift; sourceTree = "<group>"; };
		65BE778A2E93D153006749A5 /* Base */ = {isa = PBXFileReference; lastKnownFileType = file.storyboard; name = Base; path = Base.lproj/LaunchScreen.storyboard; sourceTree = "<group>"; };
		65BE778D2E93D153006749A5 /* Base */ = {isa = PBXFileReference; lastKnownFileType = file.storyboard; name = Base; path = Base.lproj/Main.storyboard; sourceTree = "<group>"; };
		65BE778F2E93D153006749A5 /* SceneDelegate.swift */ = {isa = PBXFileReference; lastKnownFileType = sourcecode.swift; path = SceneDelegate.swift; sourceTree = "<group>"; };
		65BE77912E93D153006749A5 /* ListOfLaptops.xcdatamodel */ = {isa = PBXFileReference; lastKnownFileType = wrapper.xcdatamodel; path = ListOfLaptops.xcdatamodel; sourceTree = "<group>"; };
/* End PBXFileReference section */

/* Begin PBXFrameworksBuildPhase section */
		65BE773B2E9385E3006749A5 /* Frameworks */ = {
			isa = PBXFrameworksBuildPhase;
			buildActionMask = 2147483647;
			files = (
				DCEF39C92CF6B76C25DD69CD /* Pods_ListOfLaptops.framework in Frameworks */,
			);
			runOnlyForDeploymentPostprocessing = 0;
		};
/* End PBXFrameworksBuildPhase section */

/* Begin PBXGroup section */
		01C4564FD1FBF3A054584006 /* Frameworks */ = {
			isa = PBXGroup;
			children = (
				0D22E28B5BE45B2B8B5E1B9A /* Pods_ListOfLaptops.framework */,
			);
			name = Frameworks;
			sourceTree = "<group>";
		};
		65BE77352E9385E3006749A5 = {
			isa = PBXGroup;
			children = (
				65BE77902E93D153006749A5 /* ListOfLaptops */,
				65BE773F2E9385E3006749A5 /* Products */,
				9E3D94582BA9197EC0BA7939 /* Pods */,
				01C4564FD1FBF3A054584006 /* Frameworks */,
			);
			sourceTree = "<group>";
		};
		65BE773F2E9385E3006749A5 /* Products */ = {
			isa = PBXGroup;
			children = (
				65BE773E2E9385E3006749A5 /* ListOfLaptops.app */,
			);
			name = Products;
			sourceTree = "<group>";
		};
		65BE77902E93D153006749A5 /* ListOfLaptops */ = {
			isa = PBXGroup;
			children = (
				65BE77852E93D153006749A5 /* AppDelegate.swift */,
				65BE77862E93D153006749A5 /* Assets.xcassets */,
				65BE77872E93D153006749A5 /* Info.plist */,
				65BE77892E93D153006749A5 /* LaptopTableViewCell.swift */,
				65BE778B2E93D153006749A5 /* LaunchScreen.storyboard */,
				65BE778C2E93D153006749A5 /* ListOfLaptops.xcdatamodeld */,
				65BE778E2E93D153006749A5 /* Main.storyboard */,
				659B17102E95B8E20093DD51 /* AddLaptopViewController.swift */,
				659B17122E95B8FC0093DD51 /* DetailEditLaptopViewController.swift */,
				655DA79D2E966F1700BCAFE6 /* LaptopListViewController.swift */,
				65BE778F2E93D153006749A5 /* SceneDelegate.swift */,
			);
			path = ListOfLaptops;
			sourceTree = "<group>";
		};
		9E3D94582BA9197EC0BA7939 /* Pods */ = {
			isa = PBXGroup;
			children = (
				5C002A6F919862D1AF61846C /* Pods-ListOfLaptops.debug.xcconfig */,
				3864750E41FB633521C18AF9 /* Pods-ListOfLaptops.release.xcconfig */,
			);
			path = Pods;
			sourceTree = "<group>";
		};
/* End PBXGroup section */

/* Begin PBXNativeTarget section */
		65BE773D2E9385E3006749A5 /* ListOfLaptops */ = {
			isa = PBXNativeTarget;
			buildConfigurationList = 65BE77542E9385E6006749A5 /* Build configuration list for PBXNativeTarget "ListOfLaptops" */;
			buildPhases = (
				1131435EDDBB2A7C4865033A /* [CP] Check Pods Manifest.lock */,
				65BE773A2E9385E3006749A5 /* Sources */,
				65BE773B2E9385E3006749A5 /* Frameworks */,
				65BE773C2E9385E3006749A5 /* Resources */,
				C00C7DF7DCD9915508071493 /* [CP] Embed Pods Frameworks */,
			);
			buildRules = (
			);
			dependencies = (
			);
			name = ListOfLaptops;
			productName = ListOfLaptops;
			productReference = 65BE773E2E9385E3006749A5 /* ListOfLaptops.app */;
			productType = "com.apple.product-type.application";
		};
/* End PBXNativeTarget section */

/* Begin PBXProject section */
		65BE77362E9385E3006749A5 /* Project object */ = {
			isa = PBXProject;
			attributes = {
				BuildIndependentTargetsInParallel = 1;
				LastSwiftUpdateCheck = 1640;
				LastUpgradeCheck = 1640;
				TargetAttributes = {
					65BE773D2E9385E3006749A5 = {
						CreatedOnToolsVersion = 16.4;
					};
				};
			};
			buildConfigurationList = 65BE77392E9385E3006749A5 /* Build configuration list for PBXProject "ListOfLaptops" */;
			developmentRegion = en;
			hasScannedForEncodings = 0;
			knownRegions = (
				en,
				Base,
			);
			mainGroup = 65BE77352E9385E3006749A5;
			minimizedProjectReferenceProxies = 1;
			preferredProjectObjectVersion = 77;
			productRefGroup = 65BE773F2E9385E3006749A5 /* Products */;
			projectDirPath = "";
			projectRoot = "";
			targets = (
				65BE773D2E9385E3006749A5 /* ListOfLaptops */,
			);
		};
/* End PBXProject section */

/* Begin PBXResourcesBuildPhase section */
		65BE773C2E9385E3006749A5 /* Resources */ = {
			isa = PBXResourcesBuildPhase;
			buildActionMask = 2147483647;
			files = (
				65BE77922E93D153006749A5 /* Assets.xcassets in Resources */,
				65BE77942E93D153006749A5 /* LaunchScreen.storyboard in Resources */,
				65BE77952E93D153006749A5 /* Main.storyboard in Resources */,
			);
			runOnlyForDeploymentPostprocessing = 0;
		};
/* End PBXResourcesBuildPhase section */

/* Begin PBXShellScriptBuildPhase section */
		1131435EDDBB2A7C4865033A /* [CP] Check Pods Manifest.lock */ = {
			isa = PBXShellScriptBuildPhase;
			buildActionMask = 2147483647;
			files = (
			);
			inputFileListPaths = (
			);
			inputPaths = (
				"${PODS_PODFILE_DIR_PATH}/Podfile.lock",
				"${PODS_ROOT}/Manifest.lock",
			);
			name = "[CP] Check Pods Manifest.lock";
			outputFileListPaths = (
			);
			outputPaths = (
				"$(DERIVED_FILE_DIR)/Pods-ListOfLaptops-checkManifestLockResult.txt",
			);
			runOnlyForDeploymentPostprocessing = 0;
			shellPath = /bin/sh;
			shellScript = "diff \"${PODS_PODFILE_DIR_PATH}/Podfile.lock\" \"${PODS_ROOT}/Manifest.lock\" > /dev/null\nif [ $? != 0 ] ; then\n    # print error to STDERR\n    echo \"error: The sandbox is not in sync with the Podfile.lock. Run 'pod install' or update your CocoaPods installation.\" >&2\n    exit 1\nfi\n# This output is used by Xcode 'outputs' to avoid re-running this script phase.\necho \"SUCCESS\" > \"${SCRIPT_OUTPUT_FILE_0}\"\n";
			showEnvVarsInLog = 0;
		};
		C00C7DF7DCD9915508071493 /* [CP] Embed Pods Frameworks */ = {
			isa = PBXShellScriptBuildPhase;
			buildActionMask = 2147483647;
			files = (
			);
			inputFileListPaths = (
				"${PODS_ROOT}/Target Support Files/Pods-ListOfLaptops/Pods-ListOfLaptops-frameworks-${CONFIGURATION}-input-files.xcfilelist",
			);
			inputPaths = (
			);
			name = "[CP] Embed Pods Frameworks";
			outputFileListPaths = (
				"${PODS_ROOT}/Target Support Files/Pods-ListOfLaptops/Pods-ListOfLaptops-frameworks-${CONFIGURATION}-output-files.xcfilelist",
			);
			outputPaths = (
			);
			runOnlyForDeploymentPostprocessing = 0;
			shellPath = /bin/sh;
			shellScript = "\"${PODS_ROOT}/Target Support Files/Pods-ListOfLaptops/Pods-ListOfLaptops-frameworks.sh\"\n";
			showEnvVarsInLog = 0;
		};
/* End PBXShellScriptBuildPhase section */

/* Begin PBXSourcesBuildPhase section */
		65BE773A2E9385E3006749A5 /* Sources */ = {
			isa = PBXSourcesBuildPhase;
			buildActionMask = 2147483647;
			files = (
				655DA79E2E966F1700BCAFE6 /* LaptopListViewController.swift in Sources */,
				65BE77962E93D153006749A5 /* AppDelegate.swift in Sources */,
				659B17132E95B8FC0093DD51 /* DetailEditLaptopViewController.swift in Sources */,
				65BE77982E93D153006749A5 /* LaptopTableViewCell.swift in Sources */,
				65BE77992E93D153006749A5 /* ListOfLaptops.xcdatamodeld in Sources */,
				65BE779A2E93D153006749A5 /* SceneDelegate.swift in Sources */,
				659B17112E95B8E20093DD51 /* AddLaptopViewController.swift in Sources */,
			);
			runOnlyForDeploymentPostprocessing = 0;
		};
/* End PBXSourcesBuildPhase section */

/* Begin PBXVariantGroup section */
		65BE778B2E93D153006749A5 /* LaunchScreen.storyboard */ = {
			isa = PBXVariantGroup;
			children = (
				65BE778A2E93D153006749A5 /* Base */,
			);
			name = LaunchScreen.storyboard;
			sourceTree = "<group>";
		};
		65BE778E2E93D153006749A5 /* Main.storyboard */ = {
			isa = PBXVariantGroup;
			children = (
				65BE778D2E93D153006749A5 /* Base */,
			);
			name = Main.storyboard;
			sourceTree = "<group>";
		};
/* End PBXVariantGroup section */

/* Begin XCBuildConfiguration section */
		65BE77552E9385E6006749A5 /* Debug */ = {
			isa = XCBuildConfiguration;
			baseConfigurationReference = 5C002A6F919862D1AF61846C /* Pods-ListOfLaptops.debug.xcconfig */;
			buildSettings = {
				ASSETCATALOG_COMPILER_APPICON_NAME = AppIcon;
				ASSETCATALOG_COMPILER_GLOBAL_ACCENT_COLOR_NAME = AccentColor;
				CODE_SIGN_STYLE = Automatic;
				CURRENT_PROJECT_VERSION = 1;
				ENABLE_USER_SCRIPT_SANDBOXING = NO;
				GENERATE_INFOPLIST_FILE = YES;
				INFOPLIST_FILE = ListOfLaptops/Info.plist;
				INFOPLIST_KEY_UIApplicationSupportsIndirectInputEvents = YES;
				INFOPLIST_KEY_UILaunchStoryboardName = LaunchScreen;
				INFOPLIST_KEY_UIMainStoryboardFile = Main;
				INFOPLIST_KEY_UISupportedInterfaceOrientations_iPad = "UIInterfaceOrientationPortrait UIInterfaceOrientationPortraitUpsideDown UIInterfaceOrientationLandscapeLeft UIInterfaceOrientationLandscapeRight";
				INFOPLIST_KEY_UISupportedInterfaceOrientations_iPhone = "UIInterfaceOrientationPortrait UIInterfaceOrientationLandscapeLeft UIInterfaceOrientationLandscapeRight";
				LD_RUNPATH_SEARCH_PATHS = (
					"$(inherited)",
					"@executable_path/Frameworks",
				);
				MARKETING_VERSION = 1.0;
				PRODUCT_BUNDLE_IDENTIFIER = com.Aviral.ListOfLaptops;
				PRODUCT_NAME = "$(TARGET_NAME)";
				SWIFT_EMIT_LOC_STRINGS = YES;
				SWIFT_VERSION = 5.0;
				TARGETED_DEVICE_FAMILY = "1,2";
			};
			name = Debug;
		};
		65BE77562E9385E6006749A5 /* Release */ = {
			isa = XCBuildConfiguration;
			baseConfigurationReference = 3864750E41FB633521C18AF9 /* Pods-ListOfLaptops.release.xcconfig */;
			buildSettings = {
				ASSETCATALOG_COMPILER_APPICON_NAME = AppIcon;
				ASSETCATALOG_COMPILER_GLOBAL_ACCENT_COLOR_NAME = AccentColor;
				CODE_SIGN_STYLE = Automatic;
				CURRENT_PROJECT_VERSION = 1;
				ENABLE_USER_SCRIPT_SANDBOXING = NO;
				GENERATE_INFOPLIST_FILE = YES;
				INFOPLIST_FILE = ListOfLaptops/Info.plist;
				INFOPLIST_KEY_UIApplicationSupportsIndirectInputEvents = YES;
				INFOPLIST_KEY_UILaunchStoryboardName = LaunchScreen;
				INFOPLIST_KEY_UIMainStoryboardFile = Main;
				INFOPLIST_KEY_UISupportedInterfaceOrientations_iPad = "UIInterfaceOrientationPortrait UIInterfaceOrientationPortraitUpsideDown UIInterfaceOrientationLandscapeLeft UIInterfaceOrientationLandscapeRight";
				INFOPLIST_KEY_UISupportedInterfaceOrientations_iPhone = "UIInterfaceOrientationPortrait UIInterfaceOrientationLandscapeLeft UIInterfaceOrientationLandscapeRight";
				LD_RUNPATH_SEARCH_PATHS = (
					"$(inherited)",
					"@executable_path/Frameworks",
				);
				MARKETING_VERSION = 1.0;
				PRODUCT_BUNDLE_IDENTIFIER = com.Aviral.ListOfLaptops;
				PRODUCT_NAME = "$(TARGET_NAME)";
				SWIFT_EMIT_LOC_STRINGS = YES;
				SWIFT_VERSION = 5.0;
				TARGETED_DEVICE_FAMILY = "1,2";
			};
			name = Release;
		};
		65BE77572E9385E6006749A5 /* Debug */ = {
			isa = XCBuildConfiguration;
			buildSettings = {
				ALWAYS_SEARCH_USER_PATHS = NO;
				ASSETCATALOG_COMPILER_GENERATE_SWIFT_ASSET_SYMBOL_EXTENSIONS = YES;
				CLANG_ANALYZER_NONNULL = YES;
				CLANG_ANALYZER_NUMBER_OBJECT_CONVERSION = YES_AGGRESSIVE;
				CLANG_CXX_LANGUAGE_STANDARD = "gnu++20";
				CLANG_ENABLE_MODULES = YES;
				CLANG_ENABLE_OBJC_ARC = YES;
				CLANG_ENABLE_OBJC_WEAK = YES;
				CLANG_WARN_BLOCK_CAPTURE_AUTORELEASING = YES;
				CLANG_WARN_BOOL_CONVERSION = YES;
				CLANG_WARN_COMMA = YES;
				CLANG_WARN_CONSTANT_CONVERSION = YES;
				CLANG_WARN_DEPRECATED_OBJC_IMPLEMENTATIONS = YES;
				CLANG_WARN_DIRECT_OBJC_ISA_USAGE = YES_ERROR;
				CLANG_WARN_DOCUMENTATION_COMMENTS = YES;
				CLANG_WARN_EMPTY_BODY = YES;
				CLANG_WARN_ENUM_CONVERSION = YES;
				CLANG_WARN_INFINITE_RECURSION = YES;
				CLANG_WARN_INT_CONVERSION = YES;
				CLANG_WARN_NON_LITERAL_NULL_CONVERSION = YES;
				CLANG_WARN_OBJC_IMPLICIT_RETAIN_SELF = YES;
				CLANG_WARN_OBJC_LITERAL_CONVERSION = YES;
				CLANG_WARN_OBJC_ROOT_CLASS = YES_ERROR;
				CLANG_WARN_QUOTED_INCLUDE_IN_FRAMEWORK_HEADER = YES;
				CLANG_WARN_RANGE_LOOP_ANALYSIS = YES;
				CLANG_WARN_STRICT_PROTOTYPES = YES;
				CLANG_WARN_SUSPICIOUS_MOVE = YES;
				CLANG_WARN_UNGUARDED_AVAILABILITY = YES_AGGRESSIVE;
				CLANG_WARN_UNREACHABLE_CODE = YES;
				CLANG_WARN__DUPLICATE_METHOD_MATCH = YES;
				COPY_PHASE_STRIP = NO;
				DEBUG_INFORMATION_FORMAT = dwarf;
				ENABLE_STRICT_OBJC_MSGSEND = YES;
				ENABLE_TESTABILITY = YES;
				ENABLE_USER_SCRIPT_SANDBOXING = YES;
				GCC_C_LANGUAGE_STANDARD = gnu17;
				GCC_DYNAMIC_NO_PIC = NO;
				GCC_NO_COMMON_BLOCKS = YES;
				GCC_OPTIMIZATION_LEVEL = 0;
				GCC_PREPROCESSOR_DEFINITIONS = (
					"DEBUG=1",
					"$(inherited)",
				);
				GCC_WARN_64_TO_32_BIT_CONVERSION = YES;
				GCC_WARN_ABOUT_RETURN_TYPE = YES_ERROR;
				GCC_WARN_UNDECLARED_SELECTOR = YES;
				GCC_WARN_UNINITIALIZED_AUTOS = YES_AGGRESSIVE;
				GCC_WARN_UNUSED_FUNCTION = YES;
				GCC_WARN_UNUSED_VARIABLE = YES;
				IPHONEOS_DEPLOYMENT_TARGET = 18.5;
				LOCALIZATION_PREFERS_STRING_CATALOGS = YES;
				MTL_ENABLE_DEBUG_INFO = INCLUDE_SOURCE;
				MTL_FAST_MATH = YES;
				ONLY_ACTIVE_ARCH = YES;
				SDKROOT = iphoneos;
				SWIFT_ACTIVE_COMPILATION_CONDITIONS = "DEBUG $(inherited)";
				SWIFT_OPTIMIZATION_LEVEL = "-Onone";
			};
			name = Debug;
		};
		65BE77582E9385E6006749A5 /* Release */ = {
			isa = XCBuildConfiguration;
			buildSettings = {
				ALWAYS_SEARCH_USER_PATHS = NO;
				ASSETCATALOG_COMPILER_GENERATE_SWIFT_ASSET_SYMBOL_EXTENSIONS = YES;
				CLANG_ANALYZER_NONNULL = YES;
				CLANG_ANALYZER_NUMBER_OBJECT_CONVERSION = YES_AGGRESSIVE;
				CLANG_CXX_LANGUAGE_STANDARD = "gnu++20";
				CLANG_ENABLE_MODULES = YES;
				CLANG_ENABLE_OBJC_ARC = YES;
				CLANG_ENABLE_OBJC_WEAK = YES;
				CLANG_WARN_BLOCK_CAPTURE_AUTORELEASING = YES;
				CLANG_WARN_BOOL_CONVERSION = YES;
				CLANG_WARN_COMMA = YES;
				CLANG_WARN_CONSTANT_CONVERSION = YES;
				CLANG_WARN_DEPRECATED_OBJC_IMPLEMENTATIONS = YES;
				CLANG_WARN_DIRECT_OBJC_ISA_USAGE = YES_ERROR;
				CLANG_WARN_DOCUMENTATION_COMMENTS = YES;
				CLANG_WARN_EMPTY_BODY = YES;
				CLANG_WARN_ENUM_CONVERSION = YES;
				CLANG_WARN_INFINITE_RECURSION = YES;
				CLANG_WARN_INT_CONVERSION = YES;
				CLANG_WARN_NON_LITERAL_NULL_CONVERSION = YES;
				CLANG_WARN_OBJC_IMPLICIT_RETAIN_SELF = YES;
				CLANG_WARN_OBJC_LITERAL_CONVERSION = YES;
				CLANG_WARN_OBJC_ROOT_CLASS = YES_ERROR;
				CLANG_WARN_QUOTED_INCLUDE_IN_FRAMEWORK_HEADER = YES;
				CLANG_WARN_RANGE_LOOP_ANALYSIS = YES;
				CLANG_WARN_STRICT_PROTOTYPES = YES;
				CLANG_WARN_SUSPICIOUS_MOVE = YES;
				CLANG_WARN_UNGUARDED_AVAILABILITY = YES_AGGRESSIVE;
				CLANG_WARN_UNREACHABLE_CODE = YES;
				CLANG_WARN__DUPLICATE_METHOD_MATCH = YES;
				COPY_PHASE_STRIP = NO;
				DEBUG_INFORMATION_FORMAT = "dwarf-with-dsym";
				ENABLE_NS_ASSERTIONS = NO;
				ENABLE_STRICT_OBJC_MSGSEND = YES;
				ENABLE_USER_SCRIPT_SANDBOXING = YES;
				GCC_C_LANGUAGE_STANDARD = gnu17;
				GCC_NO_COMMON_BLOCKS = YES;
				GCC_WARN_64_TO_32_BIT_CONVERSION = YES;
				GCC_WARN_ABOUT_RETURN_TYPE = YES_ERROR;
				GCC_WARN_UNDECLARED_SELECTOR = YES;
				GCC_WARN_UNINITIALIZED_AUTOS = YES_AGGRESSIVE;
				GCC_WARN_UNUSED_FUNCTION = YES;
				GCC_WARN_UNUSED_VARIABLE = YES;
				IPHONEOS_DEPLOYMENT_TARGET = 18.5;
				LOCALIZATION_PREFERS_STRING_CATALOGS = YES;
				MTL_ENABLE_DEBUG_INFO = NO;
				MTL_FAST_MATH = YES;
				SDKROOT = iphoneos;
				SWIFT_COMPILATION_MODE = wholemodule;
				VALIDATE_PRODUCT = YES;
			};
			name = Release;
		};
/* End XCBuildConfiguration section */

/* Begin XCConfigurationList section */
		65BE77392E9385E3006749A5 /* Build configuration list for PBXProject "ListOfLaptops" */ = {
			isa = XCConfigurationList;
			buildConfigurations = (
				65BE77572E9385E6006749A5 /* Debug */,
				65BE77582E9385E6006749A5 /* Release */,
			);
			defaultConfigurationIsVisible = 0;
			defaultConfigurationName = Release;
		};
		65BE77542E9385E6006749A5 /* Build configuration list for PBXNativeTarget "ListOfLaptops" */ = {
			isa = XCConfigurationList;
			buildConfigurations = (
				65BE77552E9385E6006749A5 /* Debug */,
				65BE77562E9385E6006749A5 /* Release */,
			);
			defaultConfigurationIsVisible = 0;
			defaultConfigurationName = Release;
		};
/* End XCConfigurationList section */

/* Begin XCVersionGroup section */
		65BE778C2E93D153006749A5 /* ListOfLaptops.xcdatamodeld */ = {
			isa = XCVersionGroup;
			children = (
				65BE77912E93D153006749A5 /* ListOfLaptops.xcdatamodel */,
			);
			currentVersion = 65BE77912E93D153006749A5 /* ListOfLaptops.xcdatamodel */;
			path = ListOfLaptops.xcdatamodeld;
			sourceTree = "<group>";
			versionGroupType = wrapper.xcdatamodel;
		};
/* End XCVersionGroup section */
	};
	rootObject = 65BE77362E9385E3006749A5 /* Project object */;
}
